
Microsoft Visual Studio Solution File, Format Version 12.00
# Visual Studio 15
VisualStudioVersion = 15.0.26730.16
MinimumVisualStudioVersion = 10.0.40219.1
Project("{FAE04EC0-301F-11D3-BF4B-00C04F79EFBC}") = "MyCustomAutomapper", "Automapper\MyCustomAutomapper.csproj", "{3C09A0A5-5D73-4EA1-A316-7D18CA7B9D72}"
EndProject
Global
	GlobalSection(SolutionConfigurationPlatforms) = preSolution
		Debug|Any CPU = Debug|Any CPU
		Release|Any CPU = Release|Any CPU
	EndGlobalSection
	GlobalSection(ProjectConfigurationPlatforms) = postSolution
		{3C09A0A5-5D73-4EA1-A316-7D18CA7B9D72}.Debug|Any CPU.ActiveCfg = Debug|Any CPU
		{3C09A0A5-5D73-4EA1-A316-7D18CA7B9D72}.Debug|Any CPU.Build.0 = Debug|Any CPU
		{3C09A0A5-5D73-4EA1-A316-7D18CA7B9D72}.Release|Any CPU.ActiveCfg = Release|Any CPU
		{3C09A0A5-5D73-4EA1-A316-7D18CA7B9D72}.Release|Any CPU.Build.0 = Release|Any CPU
	EndGlobalSection
	GlobalSection(SolutionProperties) = preSolution
		HideSolutionNode = FALSE
	EndGlobalSection
	GlobalSection(ExtensibilityGlobals) = postSolution
		SolutionGuid = {9D92E9C8-60E0-42D2-994A-9CCA9ABBD513}
	EndGlobalSection
EndGlobal
